
Microsoft Visual Studio Solution File, Format Version 12.00
# Visual Studio Version 17
VisualStudioVersion = 17.7.34018.315
MinimumVisualStudioVersion = 10.0.40219.1
Project("{FAE04EC0-301F-11D3-BF4B-00C04F79EFBC}") = "What's it", "What's it\What's it.csproj", "{F88A5BFE-997E-4A0A-A143-E4F1A6640795}"
EndProject
Global
	GlobalSection(SolutionConfigurationPlatforms) = preSolution
		Debug|Any CPU = Debug|Any CPU
		Release|Any CPU = Release|Any CPU
	EndGlobalSection
	GlobalSection(ProjectConfigurationPlatforms) = postSolution
		{F88A5BFE-997E-4A0A-A143-E4F1A6640795}.Debug|Any CPU.ActiveCfg = Debug|Any CPU
		{F88A5BFE-997E-4A0A-A143-E4F1A6640795}.Debug|Any CPU.Build.0 = Debug|Any CPU
		{F88A5BFE-997E-4A0A-A143-E4F1A6640795}.Release|Any CPU.ActiveCfg = Release|Any CPU
		{F88A5BFE-997E-4A0A-A143-E4F1A6640795}.Release|Any CPU.Build.0 = Release|Any CPU
	EndGlobalSection
	GlobalSection(SolutionProperties) = preSolution
		HideSolutionNode = FALSE
	EndGlobalSection
	GlobalSection(ExtensibilityGlobals) = postSolution
		SolutionGuid = {3CF01A42-F8D8-415F-BC90-8E08B019C59C}
	EndGlobalSection
EndGlobal
